# This file is automatically @generated by Cargo.
# It is not intended for manual editing.
version = 4

[[package]]
name = "whitefoot-contract"
version = "0.1.0"

[[package]]
name = "whitefoot-language-data"
version = "0.1.0"
dependencies = [
 "whitefoot-contract",
]

[[package]]
name = "whitefoot-lexer"
version = "0.1.0"
dependencies = [
 "whitefoot-contract",
]

[[package]]
name = "whitefoot-resource-layout-witness"
version = "0.1.0"
dependencies = [
 "whitefoot-contract",
 "whitefoot-lexer",
 "whitefoot-syntax",
]

[[package]]
name = "whitefoot-syntax"
version = "0.1.0"
dependencies = [
 "whitefoot-contract",
 "whitefoot-language-data",
 "whitefoot-lexer",
 "whitefoot-syntax-data",
]

[[package]]
name = "whitefoot-syntax-data"
version = "0.1.0"
dependencies = [
 "whitefoot-contract",
 "whitefoot-language-data",
]
